
Microsoft Visual Studio Solution File, Format Version 12.00
# Visual Studio 15
VisualStudioVersion = 15.0.28307.271
MinimumVisualStudioVersion = 10.0.40219.1
Project("{FAE04EC0-301F-11D3-BF4B-00C04F79EFBC}") = "Stack Array", "Stack Array\Stack Array.csproj", "{A825876B-E826-47A5-8B5F-73E4046066F6}"
EndProject
Global
	GlobalSection(SolutionConfigurationPlatforms) = preSolution
		Debug|Any CPU = Debug|Any CPU
		Release|Any CPU = Release|Any CPU
	EndGlobalSection
	GlobalSection(ProjectConfigurationPlatforms) = postSolution
		{A825876B-E826-47A5-8B5F-73E4046066F6}.Debug|Any CPU.ActiveCfg = Debug|Any CPU
		{A825876B-E826-47A5-8B5F-73E4046066F6}.Debug|Any CPU.Build.0 = Debug|Any CPU
		{A825876B-E826-47A5-8B5F-73E4046066F6}.Release|Any CPU.ActiveCfg = Release|Any CPU
		{A825876B-E826-47A5-8B5F-73E4046066F6}.Release|Any CPU.Build.0 = Release|Any CPU
	EndGlobalSection
	GlobalSection(SolutionProperties) = preSolution
		HideSolutionNode = FALSE
	EndGlobalSection
	GlobalSection(ExtensibilityGlobals) = postSolution
		SolutionGuid = {11DF1BFE-3293-4D6E-B2D5-DD34A129F370}
	EndGlobalSection
EndGlobal
